{
    "_readme": [
        "This file locks the dependencies of your project to a known state",
        "Read more about it at https://getcomposer.org/doc/01-basic-usage.md#installing-dependencies",
        "This file is @generated automatically"
    ],
    "content-hash": "ba34a13241b578b5d26dc0f96db87007",
    "packages": [
        {
            "name": "cjrasmussen/bluesky-api",
            "version": "2.0.1",
            "source": {
                "type": "git",
                "url": "https://github.com/cjrasmussen/BlueskyApi.git",
                "reference": "ed8faf16139503a60f3960aa940760b49e89788c"
            },
            "dist": {
                "type": "zip",
                "url": "https://api.github.com/repos/cjrasmussen/BlueskyApi/zipball/ed8faf16139503a60f3960aa940760b49e89788c",
                "reference": "ed8faf16139503a60f3960aa940760b49e89788c",
                "shasum": ""
            },
            "require": {
                "ext-curl": "*",
                "ext-json": "*",
                "php": ">=7.4"
            },
            "type": "library",
            "autoload": {
                "psr-4": {
                    "cjrasmussen\\BlueskyApi\\": "src/"
                }
            },
            "notification-url": "https://packagist.org/downloads/",
            "license": [
                "MIT"
            ],
            "authors": [
                {
                    "name": "Clark Rasmussen",
                    "homepage": "https://cjr.dev",
                    "role": "Developer"
                }
            ],
            "description": "Simple helper for interacting with the Bluesky API/AT protocol",
            "homepage": "https://cjr.dev",
            "keywords": [
                "at protocol",
                "bluesky"
            ],
            "support": {
                "issues": "https://github.com/cjrasmussen/BlueskyApi/issues",
                "source": "https://github.com/cjrasmussen/BlueskyApi"
            },
            "time": "2024-02-11T20:33:13+00:00"
        }
    ],
    "packages-dev": [
        {
            "name": "kint-php/kint",
            "version": "5.1.1",
            "source": {
                "type": "git",
                "url": "https://github.com/kint-php/kint.git",
                "reference": "8c5ec370c3382ceae0b88e91f9bbb00e6bb4f93b"
            },
            "dist": {
                "type": "zip",
                "url": "https://api.github.com/repos/kint-php/kint/zipball/8c5ec370c3382ceae0b88e91f9bbb00e6bb4f93b",
                "reference": "8c5ec370c3382ceae0b88e91f9bbb00e6bb4f93b",
                "shasum": ""
            },
            "require": {
                "php": ">=7.1"
            },
            "require-dev": {
                "friendsofphp/php-cs-fixer": "^3",
                "phpspec/prophecy-phpunit": "^2",
                "phpunit/phpunit": "^9",
                "seld/phar-utils": "^1",
                "symfony/finder": ">=4.0",
                "vimeo/psalm": "^5"
            },
            "suggest": {
                "kint-php/kint-helpers": "Provides extra helper functions",
                "kint-php/kint-twig": "Provides d() and s() functions in twig templates"
            },
            "type": "library",
            "autoload": {
                "files": [
                    "init.php"
                ],
                "psr-4": {
                    "Kint\\": "src/"
                }
            },
            "notification-url": "https://packagist.org/downloads/",
            "license": [
                "MIT"
            ],
            "authors": [
                {
                    "name": "Jonathan Vollebregt",
                    "homepage": "https://github.com/jnvsor"
                },
                {
                    "name": "Contributors",
                    "homepage": "https://github.com/kint-php/kint/graphs/contributors"
                }
            ],
            "description": "Kint - debugging tool for PHP developers",
            "homepage": "https://kint-php.github.io/kint/",
            "keywords": [
                "debug",
                "kint",
                "php"
            ],
            "support": {
                "issues": "https://github.com/kint-php/kint/issues",
                "source": "https://github.com/kint-php/kint/tree/5.1.1"
            },
            "time": "2024-04-26T14:20:09+00:00"
        }
    ],
    "aliases": [],
    "minimum-stability": "stable",
    "stability-flags": [],
    "prefer-stable": false,
    "prefer-lowest": false,
    "platform": [],
    "platform-dev": [],
    "plugin-api-version": "2.2.0"
}
